
Microsoft Visual Studio Solution File, Format Version 12.00
# Visual Studio 2013
VisualStudioVersion = 12.0.21005.1
MinimumVisualStudioVersion = 10.0.40219.1
Project("{FAE04EC0-301F-11D3-BF4B-00C04F79EFBC}") = "PeaRoxy.ClientLibrary", "PeaRoxy.ClientLibrary\PeaRoxy.ClientLibrary.csproj", "{EAE02F72-D535-420D-8A36-C8CE5ED607C9}"
EndProject
Project("{FAE04EC0-301F-11D3-BF4B-00C04F79EFBC}") = "PeaRoxy.Server", "PeaRoxy.Server\PeaRoxy.Server.csproj", "{E84F6294-716F-4A97-A626-762DB88C31F5}"
EndProject
Project("{FAE04EC0-301F-11D3-BF4B-00C04F79EFBC}") = "PeaRoxy.CommonLibrary", "PeaRoxy.CommonLibrary\PeaRoxy.CommonLibrary.csproj", "{0FA3DDDE-8A3C-4346-8C58-4662559D8A7B}"
EndProject
Project("{FAE04EC0-301F-11D3-BF4B-00C04F79EFBC}") = "PeaRoxy.Windows.WPFClient", "PeaRoxy.Windows.WPFClient\PeaRoxy.Windows.WPFClient.csproj", "{36E2EEFF-6F05-4BD4-BE84-3FD1CFE2524A}"
	ProjectSection(ProjectDependencies) = postProject
		{7E227DF0-7F70-45E7-999B-01811E60CAB1} = {7E227DF0-7F70-45E7-999B-01811E60CAB1}
	EndProjectSection
EndProject
Project("{FAE04EC0-301F-11D3-BF4B-00C04F79EFBC}") = "PeaRoxy.CoreProtocol", "PeaRoxy.CoreProtocol\PeaRoxy.CoreProtocol.csproj", "{033154EE-19B5-4D3A-91EC-6B0FD48A80C3}"
EndProject
Project("{FAE04EC0-301F-11D3-BF4B-00C04F79EFBC}") = "PeaRoxy.Windows.Network.TAP", "PeaRoxy.Windows.Network.TAP\PeaRoxy.Windows.Network.TAP.csproj", "{3A0F7A2E-216F-47F1-A31F-2A9A29949931}"
EndProject
Project("{FAE04EC0-301F-11D3-BF4B-00C04F79EFBC}") = "PeaRoxy.Windows", "PeaRoxy.Windows\PeaRoxy.Windows.csproj", "{C22FD32B-1361-42AC-8874-43A6A9424993}"
EndProject
Project("{FAE04EC0-301F-11D3-BF4B-00C04F79EFBC}") = "PeaRoxy.Platform", "PeaRoxy.Platform\PeaRoxy.Platform.csproj", "{511CA971-9FAD-4BFA-9841-105CF644CF77}"
EndProject
Project("{1863889A-00DF-4350-BA39-669CA949CB81}") = "PeaRoxy.PHPear", "PeaRoxy.PHPear\PeaRoxy.PHPear.phpproj", "{F64700D4-2B90-4F95-9DB5-8D2E1E25D7E4}"
EndProject
Project("{FAE04EC0-301F-11D3-BF4B-00C04F79EFBC}") = "PeaRoxy.ASPear", "PeaRoxy.ASPear\PeaRoxy.ASPear.csproj", "{6FE76A55-F1D6-41C9-9D14-6E018F1F091E}"
EndProject
Project("{FAE04EC0-301F-11D3-BF4B-00C04F79EFBC}") = "PeaRoxy.Windows.Network.Hook", "PeaRoxy.Windows.Network.Hook\PeaRoxy.Windows.Network.Hook.csproj", "{7E227DF0-7F70-45E7-999B-01811E60CAB1}"
EndProject
Project("{2150E333-8FDC-42A3-9474-1A3956D46DE8}") = "Solution Items", "Solution Items", "{D9C5BEAD-DF76-4B9F-A83E-E02624C3802D}"
	ProjectSection(SolutionItems) = preProject
		Solution Items\7za.exe = Solution Items\7za.exe
		README.md = README.md
		Solution Items\VersionExtractor.exe = Solution Items\VersionExtractor.exe
	EndProjectSection
EndProject
Project("{FAE04EC0-301F-11D3-BF4B-00C04F79EFBC}") = "ZARA", "ZARA\ZARA.csproj", "{93EA916C-4F5C-4136-8410-3AA87B474CC3}"
EndProject
Project("{2150E333-8FDC-42A3-9474-1A3956D46DE8}") = "SmartPearProfiles", "SmartPearProfiles", "{C3D31CFA-6B93-4B28-AC3A-BA08A34567B1}"
	ProjectSection(SolutionItems) = preProject
		SmartPearProfiles\Smart.xml = SmartPearProfiles\Smart.xml
		SmartPearProfiles\Smart_AE.xml = SmartPearProfiles\Smart_AE.xml
		SmartPearProfiles\Smart_CH.xml = SmartPearProfiles\Smart_CH.xml
		SmartPearProfiles\Smart_IR.xml = SmartPearProfiles\Smart_IR.xml
		SmartPearProfiles\Smart_PK.xml = SmartPearProfiles\Smart_PK.xml
		SmartPearProfiles\Smart_SA.xml = SmartPearProfiles\Smart_SA.xml
	EndProjectSection
EndProject
Project("{FAE04EC0-301F-11D3-BF4B-00C04F79EFBC}") = "PeaRoxy.Updater", "PeaRoxy.Updater\PeaRoxy.Updater.csproj", "{9405B3D6-9A73-44C9-9F3F-28CEABCDC5B2}"
EndProject
Global
	GlobalSection(SolutionConfigurationPlatforms) = preSolution
		Debug|x86 = Debug|x86
		Release|x86 = Release|x86
	EndGlobalSection
	GlobalSection(ProjectConfigurationPlatforms) = postSolution
		{EAE02F72-D535-420D-8A36-C8CE5ED607C9}.Debug|x86.ActiveCfg = Debug|x86
		{EAE02F72-D535-420D-8A36-C8CE5ED607C9}.Debug|x86.Build.0 = Debug|x86
		{EAE02F72-D535-420D-8A36-C8CE5ED607C9}.Debug|x86.Deploy.0 = Debug|x86
		{EAE02F72-D535-420D-8A36-C8CE5ED607C9}.Release|x86.ActiveCfg = Release|x86
		{EAE02F72-D535-420D-8A36-C8CE5ED607C9}.Release|x86.Build.0 = Release|x86
		{E84F6294-716F-4A97-A626-762DB88C31F5}.Debug|x86.ActiveCfg = Debug|x86
		{E84F6294-716F-4A97-A626-762DB88C31F5}.Debug|x86.Build.0 = Debug|x86
		{E84F6294-716F-4A97-A626-762DB88C31F5}.Release|x86.ActiveCfg = Release|x86
		{E84F6294-716F-4A97-A626-762DB88C31F5}.Release|x86.Build.0 = Release|x86
		{0FA3DDDE-8A3C-4346-8C58-4662559D8A7B}.Debug|x86.ActiveCfg = Debug|x86
		{0FA3DDDE-8A3C-4346-8C58-4662559D8A7B}.Debug|x86.Build.0 = Debug|x86
		{0FA3DDDE-8A3C-4346-8C58-4662559D8A7B}.Release|x86.ActiveCfg = Release|x86
		{0FA3DDDE-8A3C-4346-8C58-4662559D8A7B}.Release|x86.Build.0 = Release|x86
		{36E2EEFF-6F05-4BD4-BE84-3FD1CFE2524A}.Debug|x86.ActiveCfg = Debug|x86
		{36E2EEFF-6F05-4BD4-BE84-3FD1CFE2524A}.Debug|x86.Build.0 = Debug|x86
		{36E2EEFF-6F05-4BD4-BE84-3FD1CFE2524A}.Release|x86.ActiveCfg = Release|x86
		{36E2EEFF-6F05-4BD4-BE84-3FD1CFE2524A}.Release|x86.Build.0 = Release|x86
		{033154EE-19B5-4D3A-91EC-6B0FD48A80C3}.Debug|x86.ActiveCfg = Debug|x86
		{033154EE-19B5-4D3A-91EC-6B0FD48A80C3}.Debug|x86.Build.0 = Debug|x86
		{033154EE-19B5-4D3A-91EC-6B0FD48A80C3}.Release|x86.ActiveCfg = Release|x86
		{033154EE-19B5-4D3A-91EC-6B0FD48A80C3}.Release|x86.Build.0 = Release|x86
		{3A0F7A2E-216F-47F1-A31F-2A9A29949931}.Debug|x86.ActiveCfg = Debug|x86
		{3A0F7A2E-216F-47F1-A31F-2A9A29949931}.Debug|x86.Build.0 = Debug|x86
		{3A0F7A2E-216F-47F1-A31F-2A9A29949931}.Release|x86.ActiveCfg = Release|x86
		{3A0F7A2E-216F-47F1-A31F-2A9A29949931}.Release|x86.Build.0 = Release|x86
		{C22FD32B-1361-42AC-8874-43A6A9424993}.Debug|x86.ActiveCfg = Debug|Any CPU
		{C22FD32B-1361-42AC-8874-43A6A9424993}.Debug|x86.Build.0 = Debug|Any CPU
		{C22FD32B-1361-42AC-8874-43A6A9424993}.Release|x86.ActiveCfg = Release|Any CPU
		{C22FD32B-1361-42AC-8874-43A6A9424993}.Release|x86.Build.0 = Release|Any CPU
		{511CA971-9FAD-4BFA-9841-105CF644CF77}.Debug|x86.ActiveCfg = Debug|Any CPU
		{511CA971-9FAD-4BFA-9841-105CF644CF77}.Debug|x86.Build.0 = Debug|Any CPU
		{511CA971-9FAD-4BFA-9841-105CF644CF77}.Release|x86.ActiveCfg = Release|Any CPU
		{511CA971-9FAD-4BFA-9841-105CF644CF77}.Release|x86.Build.0 = Release|Any CPU
		{F64700D4-2B90-4F95-9DB5-8D2E1E25D7E4}.Debug|x86.ActiveCfg = Production|PHP 5.2
		{F64700D4-2B90-4F95-9DB5-8D2E1E25D7E4}.Release|x86.ActiveCfg = Production|PHP 5.2
		{6FE76A55-F1D6-41C9-9D14-6E018F1F091E}.Debug|x86.ActiveCfg = Debug|Any CPU
		{6FE76A55-F1D6-41C9-9D14-6E018F1F091E}.Debug|x86.Build.0 = Debug|Any CPU
		{6FE76A55-F1D6-41C9-9D14-6E018F1F091E}.Release|x86.ActiveCfg = Release|Any CPU
		{6FE76A55-F1D6-41C9-9D14-6E018F1F091E}.Release|x86.Build.0 = Release|Any CPU
		{7E227DF0-7F70-45E7-999B-01811E60CAB1}.Debug|x86.ActiveCfg = Debug|Any CPU
		{7E227DF0-7F70-45E7-999B-01811E60CAB1}.Debug|x86.Build.0 = Debug|Any CPU
		{7E227DF0-7F70-45E7-999B-01811E60CAB1}.Release|x86.ActiveCfg = Release|Any CPU
		{7E227DF0-7F70-45E7-999B-01811E60CAB1}.Release|x86.Build.0 = Release|Any CPU
		{93EA916C-4F5C-4136-8410-3AA87B474CC3}.Debug|x86.ActiveCfg = Debug|x86
		{93EA916C-4F5C-4136-8410-3AA87B474CC3}.Debug|x86.Build.0 = Debug|x86
		{93EA916C-4F5C-4136-8410-3AA87B474CC3}.Release|x86.ActiveCfg = Release|x86
		{93EA916C-4F5C-4136-8410-3AA87B474CC3}.Release|x86.Build.0 = Release|x86
		{9405B3D6-9A73-44C9-9F3F-28CEABCDC5B2}.Debug|x86.ActiveCfg = Debug|Any CPU
		{9405B3D6-9A73-44C9-9F3F-28CEABCDC5B2}.Debug|x86.Build.0 = Debug|Any CPU
		{9405B3D6-9A73-44C9-9F3F-28CEABCDC5B2}.Release|x86.ActiveCfg = Release|Any CPU
		{9405B3D6-9A73-44C9-9F3F-28CEABCDC5B2}.Release|x86.Build.0 = Release|Any CPU
	EndGlobalSection
	GlobalSection(SolutionProperties) = preSolution
		HideSolutionNode = FALSE
	EndGlobalSection
	GlobalSection(ExtensibilityGlobals) = postSolution
		VisualSVNWorkingCopyRoot = .
	EndGlobalSection
EndGlobal
